{
  "requires": true,
  "lockfileVersion": 1,
  "dependencies": {
    "@minui/wxc-mask": {
      "version": "1.0.8",
      "resolved": "http://registry.npm.taobao.org/@minui/wxc-mask/download/@minui/wxc-mask-1.0.8.tgz",
      "integrity": "sha1-JnxagdXVmiPvgS5AIb7nPQCPtdY="
    },
    "@minui/wxc-popup": {
      "version": "1.0.9",
      "resolved": "http://registry.npm.taobao.org/@minui/wxc-popup/download/@minui/wxc-popup-1.0.9.tgz",
      "integrity": "sha1-TN8WYaYDCL20ZYc7lchm6Ojx4zk=",
      "requires": {
        "@minui/wxc-mask": "1.0.8"
      }
    }
  }
}
